# This file is automatically @generated by Cargo.
# It is not intended for manual editing.
version = 4

[[package]]
name = "quantick-app"
version = "0.1.0"
dependencies = [
 "quantick-engine",
]

[[package]]
name = "quantick-engine"
version = "0.1.0"

[[package]]
name = "quantick-feed-binance"
version = "0.1.0"
dependencies = [
 "quantick-engine",
]
